{
  "name": "flashcards",
  "version": "1.0.0",
  "lockfileVersion": 1,
  "requires": true,
  "dependencies": {
    "esm": {
      "version": "3.1.4",
      "resolved": "https://registry.npmjs.org/esm/-/esm-3.1.4.tgz",
      "integrity": "sha512-GScwIz0110RTNzBmAQEdqaAYkD9zVhj2Jo+jeizjIcdyTw+C6S0Zv/dlPYgfF41hRTu2f1vQYliubzIkusx2gA=="
    }
  }
}
